
Microsoft Visual Studio Solution File, Format Version 12.00
# Visual Studio 15
VisualStudioVersion = 15.0.28010.2026
MinimumVisualStudioVersion = 10.0.40219.1
Project("{8BC9CEB8-8B4A-11D0-8D11-00A0C91BC942}") = "OBOPA_HW4_Algorithims", "OBOPA_HW4_Algorithims\OBOPA_HW4_Algorithims.vcxproj", "{ECA09A62-EBEF-420D-A68E-11F58F35595C}"
EndProject
Global
	GlobalSection(SolutionConfigurationPlatforms) = preSolution
		Debug|x64 = Debug|x64
		Debug|x86 = Debug|x86
		Release|x64 = Release|x64
		Release|x86 = Release|x86
	EndGlobalSection
	GlobalSection(ProjectConfigurationPlatforms) = postSolution
		{ECA09A62-EBEF-420D-A68E-11F58F35595C}.Debug|x64.ActiveCfg = Debug|x64
		{ECA09A62-EBEF-420D-A68E-11F58F35595C}.Debug|x64.Build.0 = Debug|x64
		{ECA09A62-EBEF-420D-A68E-11F58F35595C}.Debug|x86.ActiveCfg = Debug|Win32
		{ECA09A62-EBEF-420D-A68E-11F58F35595C}.Debug|x86.Build.0 = Debug|Win32
		{ECA09A62-EBEF-420D-A68E-11F58F35595C}.Release|x64.ActiveCfg = Release|x64
		{ECA09A62-EBEF-420D-A68E-11F58F35595C}.Release|x64.Build.0 = Release|x64
		{ECA09A62-EBEF-420D-A68E-11F58F35595C}.Release|x86.ActiveCfg = Release|Win32
		{ECA09A62-EBEF-420D-A68E-11F58F35595C}.Release|x86.Build.0 = Release|Win32
	EndGlobalSection
	GlobalSection(SolutionProperties) = preSolution
		HideSolutionNode = FALSE
	EndGlobalSection
	GlobalSection(ExtensibilityGlobals) = postSolution
		SolutionGuid = {4EDB8C01-4B7C-41B0-91AE-3D0F55732514}
	EndGlobalSection
EndGlobal
